
Microsoft Visual Studio Solution File, Format Version 12.00
# Visual Studio Version 16
VisualStudioVersion = 16.0.31624.102
MinimumVisualStudioVersion = 10.0.40219.1
Project("{8BC9CEB8-8B4A-11D0-8D11-00A0C91BC942}") = "opencl", "opencl.vcxproj", "{F33D6107-5C2D-423E-98D9-7F904AFC8F59}"
EndProject
Global
	GlobalSection(SolutionConfigurationPlatforms) = preSolution
		Debug|x64 = Debug|x64
		Debug|x86 = Debug|x86
		Release|x64 = Release|x64
		Release|x86 = Release|x86
	EndGlobalSection
	GlobalSection(ProjectConfigurationPlatforms) = postSolution
		{F33D6107-5C2D-423E-98D9-7F904AFC8F59}.Debug|x64.ActiveCfg = Debug|x64
		{F33D6107-5C2D-423E-98D9-7F904AFC8F59}.Debug|x64.Build.0 = Debug|x64
		{F33D6107-5C2D-423E-98D9-7F904AFC8F59}.Debug|x86.ActiveCfg = Debug|Win32
		{F33D6107-5C2D-423E-98D9-7F904AFC8F59}.Debug|x86.Build.0 = Debug|Win32
		{F33D6107-5C2D-423E-98D9-7F904AFC8F59}.Release|x64.ActiveCfg = Release|x64
		{F33D6107-5C2D-423E-98D9-7F904AFC8F59}.Release|x64.Build.0 = Release|x64
		{F33D6107-5C2D-423E-98D9-7F904AFC8F59}.Release|x86.ActiveCfg = Release|Win32
		{F33D6107-5C2D-423E-98D9-7F904AFC8F59}.Release|x86.Build.0 = Release|Win32
	EndGlobalSection
	GlobalSection(SolutionProperties) = preSolution
		HideSolutionNode = FALSE
	EndGlobalSection
	GlobalSection(ExtensibilityGlobals) = postSolution
		SolutionGuid = {FA7321E4-FEF3-4B91-8AD6-8E08B0748636}
	EndGlobalSection
EndGlobal
